
Microsoft Visual Studio Solution File, Format Version 12.00
# Visual Studio Version 17
VisualStudioVersion = 17.0.31903.59
MinimumVisualStudioVersion = 10.0.40219.1
Project("{2150E333-8FDC-42A3-9474-1A3956D46DE8}") = "src", "src", "{827E0CD3-B72D-47B6-A68D-7590B98EB39B}"
EndProject
Project("{FAE04EC0-301F-11D3-BF4B-00C04F79EFBC}") = "SecuritiesTradingApi", "src\SecuritiesTradingApi\SecuritiesTradingApi.csproj", "{E65AA881-C325-43D0-96B8-A861569B3E85}"
EndProject
Project("{2150E333-8FDC-42A3-9474-1A3956D46DE8}") = "tests", "tests", "{0AB3BF05-4346-4AA6-1389-037BE0695223}"
EndProject
Project("{FAE04EC0-301F-11D3-BF4B-00C04F79EFBC}") = "SecuritiesTradingApi.UnitTests", "tests\SecuritiesTradingApi.UnitTests\SecuritiesTradingApi.UnitTests.csproj", "{34788495-9D4A-4461-B3F2-894C958B4D15}"
EndProject
Project("{FAE04EC0-301F-11D3-BF4B-00C04F79EFBC}") = "SecuritiesTradingApi.IntegrationTests", "tests\SecuritiesTradingApi.IntegrationTests\SecuritiesTradingApi.IntegrationTests.csproj", "{9F974737-1961-46EE-8806-73DF727EB825}"
EndProject
Global
	GlobalSection(SolutionConfigurationPlatforms) = preSolution
		Debug|Any CPU = Debug|Any CPU
		Debug|x64 = Debug|x64
		Debug|x86 = Debug|x86
		Release|Any CPU = Release|Any CPU
		Release|x64 = Release|x64
		Release|x86 = Release|x86
	EndGlobalSection
	GlobalSection(ProjectConfigurationPlatforms) = postSolution
		{E65AA881-C325-43D0-96B8-A861569B3E85}.Debug|Any CPU.ActiveCfg = Debug|Any CPU
		{E65AA881-C325-43D0-96B8-A861569B3E85}.Debug|Any CPU.Build.0 = Debug|Any CPU
		{E65AA881-C325-43D0-96B8-A861569B3E85}.Debug|x64.ActiveCfg = Debug|Any CPU
		{E65AA881-C325-43D0-96B8-A861569B3E85}.Debug|x64.Build.0 = Debug|Any CPU
		{E65AA881-C325-43D0-96B8-A861569B3E85}.Debug|x86.ActiveCfg = Debug|Any CPU
		{E65AA881-C325-43D0-96B8-A861569B3E85}.Debug|x86.Build.0 = Debug|Any CPU
		{E65AA881-C325-43D0-96B8-A861569B3E85}.Release|Any CPU.ActiveCfg = Release|Any CPU
		{E65AA881-C325-43D0-96B8-A861569B3E85}.Release|Any CPU.Build.0 = Release|Any CPU
		{E65AA881-C325-43D0-96B8-A861569B3E85}.Release|x64.ActiveCfg = Release|Any CPU
		{E65AA881-C325-43D0-96B8-A861569B3E85}.Release|x64.Build.0 = Release|Any CPU
		{E65AA881-C325-43D0-96B8-A861569B3E85}.Release|x86.ActiveCfg = Release|Any CPU
		{E65AA881-C325-43D0-96B8-A861569B3E85}.Release|x86.Build.0 = Release|Any CPU
		{34788495-9D4A-4461-B3F2-894C958B4D15}.Debug|Any CPU.ActiveCfg = Debug|Any CPU
		{34788495-9D4A-4461-B3F2-894C958B4D15}.Debug|Any CPU.Build.0 = Debug|Any CPU
		{34788495-9D4A-4461-B3F2-894C958B4D15}.Debug|x64.ActiveCfg = Debug|Any CPU
		{34788495-9D4A-4461-B3F2-894C958B4D15}.Debug|x64.Build.0 = Debug|Any CPU
		{34788495-9D4A-4461-B3F2-894C958B4D15}.Debug|x86.ActiveCfg = Debug|Any CPU
		{34788495-9D4A-4461-B3F2-894C958B4D15}.Debug|x86.Build.0 = Debug|Any CPU
		{34788495-9D4A-4461-B3F2-894C958B4D15}.Release|Any CPU.ActiveCfg = Release|Any CPU
		{34788495-9D4A-4461-B3F2-894C958B4D15}.Release|Any CPU.Build.0 = Release|Any CPU
		{34788495-9D4A-4461-B3F2-894C958B4D15}.Release|x64.ActiveCfg = Release|Any CPU
		{34788495-9D4A-4461-B3F2-894C958B4D15}.Release|x64.Build.0 = Release|Any CPU
		{34788495-9D4A-4461-B3F2-894C958B4D15}.Release|x86.ActiveCfg = Release|Any CPU
		{34788495-9D4A-4461-B3F2-894C958B4D15}.Release|x86.Build.0 = Release|Any CPU
		{9F974737-1961-46EE-8806-73DF727EB825}.Debug|Any CPU.ActiveCfg = Debug|Any CPU
		{9F974737-1961-46EE-8806-73DF727EB825}.Debug|Any CPU.Build.0 = Debug|Any CPU
		{9F974737-1961-46EE-8806-73DF727EB825}.Debug|x64.ActiveCfg = Debug|Any CPU
		{9F974737-1961-46EE-8806-73DF727EB825}.Debug|x64.Build.0 = Debug|Any CPU
		{9F974737-1961-46EE-8806-73DF727EB825}.Debug|x86.ActiveCfg = Debug|Any CPU
		{9F974737-1961-46EE-8806-73DF727EB825}.Debug|x86.Build.0 = Debug|Any CPU
		{9F974737-1961-46EE-8806-73DF727EB825}.Release|Any CPU.ActiveCfg = Release|Any CPU
		{9F974737-1961-46EE-8806-73DF727EB825}.Release|Any CPU.Build.0 = Release|Any CPU
		{9F974737-1961-46EE-8806-73DF727EB825}.Release|x64.ActiveCfg = Release|Any CPU
		{9F974737-1961-46EE-8806-73DF727EB825}.Release|x64.Build.0 = Release|Any CPU
		{9F974737-1961-46EE-8806-73DF727EB825}.Release|x86.ActiveCfg = Release|Any CPU
		{9F974737-1961-46EE-8806-73DF727EB825}.Release|x86.Build.0 = Release|Any CPU
	EndGlobalSection
	GlobalSection(SolutionProperties) = preSolution
		HideSolutionNode = FALSE
	EndGlobalSection
	GlobalSection(NestedProjects) = preSolution
		{E65AA881-C325-43D0-96B8-A861569B3E85} = {827E0CD3-B72D-47B6-A68D-7590B98EB39B}
		{34788495-9D4A-4461-B3F2-894C958B4D15} = {0AB3BF05-4346-4AA6-1389-037BE0695223}
		{9F974737-1961-46EE-8806-73DF727EB825} = {0AB3BF05-4346-4AA6-1389-037BE0695223}
	EndGlobalSection
EndGlobal
